{
  "version": 4,
  "terraform_version": "0.14.0",
  "serial": 42,
  "lineage": "4374bbeb-1ba3-7e2d-67b8-3268cadbba65",
  "outputs": {},
  "resources": [
    {
      "mode": "managed",
      "type": "azurerm_network_interface",
      "name": "instance1",
      "provider": "provider[\"registry.terraform.io/hashicorp/azurerm\"]",
      "instances": [
        {
          "schema_version": 0,
          "attributes": {
            "applied_dns_servers": [],
            "dns_servers": [],
            "enable_accelerated_networking": false,
            "enable_ip_forwarding": false,
            "id": "/subscriptions/610992b8-1492-49c7-8f44-46f898ccd29b/resourceGroups/infrastructure2.0-TF/providers/Microsoft.Network/networkInterfaces/management1-nic",
            "internal_dns_name_label": "",
            "internal_domain_name_suffix": "gntb032fzprurdz3ielz2lydxd.ax.internal.cloudapp.net",
            "ip_configuration": [
              {
                "name": "ipconfig1",
                "primary": true,
                "private_ip_address": "10.0.1.4",
                "private_ip_address_allocation": "Dynamic",
                "private_ip_address_version": "IPv4",
                "public_ip_address_id": "/subscriptions/610992b8-1492-49c7-8f44-46f898ccd29b/resourceGroups/infrastructure2.0-TF/providers/Microsoft.Network/publicIPAddresses/pubip1",
                "subnet_id": "/subscriptions/610992b8-1492-49c7-8f44-46f898ccd29b/resourceGroups/infrastructure2.0-TF/providers/Microsoft.Network/virtualNetworks/WorkshopVNet/subnets/managementNet"
              }
            ],
            "location": "westeurope",
            "mac_address": "",
            "name": "management1-nic",
            "private_ip_address": "10.0.1.4",
            "private_ip_addresses": [
              "10.0.1.4"
            ],
            "resource_group_name": "infrastructure2.0-TF",
            "tags": null,
            "timeouts": null,
            "virtual_machine_id": ""
          },
          "sensitive_attributes": [],
          "private": "eyJlMmJmYjczMC1lY2FhLTExZTYtOGY4OC0zNDM2M2JjN2M0YzAiOnsiY3JlYXRlIjoxODAwMDAwMDAwMDAwLCJkZWxldGUiOjE4MDAwMDAwMDAwMDAsInJlYWQiOjMwMDAwMDAwMDAwMCwidXBkYXRlIjoxODAwMDAwMDAwMDAwfX0=",
          "dependencies": [
            "azurerm_public_ip.managementinstance1",
            "azurerm_resource_group.rg",
            "azurerm_subnet.tfsubnet"
          ]
        }
      ]
    },
    {
      "mode": "managed",
      "type": "azurerm_network_security_group",
      "name": "nsg",
      "provider": "provider[\"registry.terraform.io/hashicorp/azurerm\"]",
      "instances": [
        {
          "schema_version": 0,
          "attributes": {
            "id": "/subscriptions/610992b8-1492-49c7-8f44-46f898ccd29b/resourceGroups/infrastructure2.0-TF/providers/Microsoft.Network/networkSecurityGroups/workshopNSG",
            "location": "westeurope",
            "name": "workshopNSG",
            "resource_group_name": "infrastructure2.0-TF",
            "security_rule": [],
            "tags": null,
            "timeouts": null
          },
          "sensitive_attributes": [],
          "private": "eyJlMmJmYjczMC1lY2FhLTExZTYtOGY4OC0zNDM2M2JjN2M0YzAiOnsiY3JlYXRlIjoxODAwMDAwMDAwMDAwLCJkZWxldGUiOjE4MDAwMDAwMDAwMDAsInJlYWQiOjMwMDAwMDAwMDAwMCwidXBkYXRlIjoxODAwMDAwMDAwMDAwfX0=",
          "dependencies": [
            "azurerm_resource_group.rg"
          ]
        }
      ]
    },
    {
      "mode": "managed",
      "type": "azurerm_network_security_rule",
      "name": "icmp",
      "provider": "provider[\"registry.terraform.io/hashicorp/azurerm\"]",
      "instances": [
        {
          "schema_version": 0,
          "attributes": {
            "access": "Allow",
            "description": "",
            "destination_address_prefix": "*",
            "destination_address_prefixes": null,
            "destination_application_security_group_ids": null,
            "destination_port_range": "*",
            "destination_port_ranges": null,
            "direction": "Inbound",
            "id": "/subscriptions/610992b8-1492-49c7-8f44-46f898ccd29b/resourceGroups/infrastructure2.0-TF/providers/Microsoft.Network/networkSecurityGroups/workshopNSG/securityRules/AllowICMP",
            "name": "AllowICMP",
            "network_security_group_name": "workshopNSG",
            "priority": 3000,
            "protocol": "ICMP",
            "resource_group_name": "infrastructure2.0-TF",
            "source_address_prefix": "*",
            "source_address_prefixes": null,
            "source_application_security_group_ids": null,
            "source_port_range": "*",
            "source_port_ranges": null,
            "timeouts": null
          },
          "sensitive_attributes": [],
          "private": "eyJlMmJmYjczMC1lY2FhLTExZTYtOGY4OC0zNDM2M2JjN2M0YzAiOnsiY3JlYXRlIjoxODAwMDAwMDAwMDAwLCJkZWxldGUiOjE4MDAwMDAwMDAwMDAsInJlYWQiOjMwMDAwMDAwMDAwMCwidXBkYXRlIjoxODAwMDAwMDAwMDAwfX0=",
          "dependencies": [
            "azurerm_network_security_group.nsg",
            "azurerm_resource_group.rg"
          ]
        }
      ]
    },
    {
      "mode": "managed",
      "type": "azurerm_network_security_rule",
      "name": "ssh",
      "provider": "provider[\"registry.terraform.io/hashicorp/azurerm\"]",
      "instances": [
        {
          "schema_version": 0,
          "attributes": {
            "access": "Allow",
            "description": "",
            "destination_address_prefix": "*",
            "destination_address_prefixes": null,
            "destination_application_security_group_ids": null,
            "destination_port_range": "22",
            "destination_port_ranges": null,
            "direction": "Inbound",
            "id": "/subscriptions/610992b8-1492-49c7-8f44-46f898ccd29b/resourceGroups/infrastructure2.0-TF/providers/Microsoft.Network/networkSecurityGroups/workshopNSG/securityRules/AllowSSH",
            "name": "AllowSSH",
            "network_security_group_name": "workshopNSG",
            "priority": 1001,
            "protocol": "TCP",
            "resource_group_name": "infrastructure2.0-TF",
            "source_address_prefix": "*",
            "source_address_prefixes": null,
            "source_application_security_group_ids": null,
            "source_port_range": "*",
            "source_port_ranges": null,
            "timeouts": null
          },
          "sensitive_attributes": [],
          "private": "eyJlMmJmYjczMC1lY2FhLTExZTYtOGY4OC0zNDM2M2JjN2M0YzAiOnsiY3JlYXRlIjoxODAwMDAwMDAwMDAwLCJkZWxldGUiOjE4MDAwMDAwMDAwMDAsInJlYWQiOjMwMDAwMDAwMDAwMCwidXBkYXRlIjoxODAwMDAwMDAwMDAwfX0=",
          "dependencies": [
            "azurerm_network_security_group.nsg",
            "azurerm_resource_group.rg"
          ]
        }
      ]
    },
    {
      "mode": "managed",
      "type": "azurerm_network_security_rule",
      "name": "web",
      "provider": "provider[\"registry.terraform.io/hashicorp/azurerm\"]",
      "instances": [
        {
          "schema_version": 0,
          "attributes": {
            "access": "Allow",
            "description": "",
            "destination_address_prefix": "*",
            "destination_address_prefixes": null,
            "destination_application_security_group_ids": null,
            "destination_port_range": "80",
            "destination_port_ranges": null,
            "direction": "Inbound",
            "id": "/subscriptions/610992b8-1492-49c7-8f44-46f898ccd29b/resourceGroups/infrastructure2.0-TF/providers/Microsoft.Network/networkSecurityGroups/workshopNSG/securityRules/AllowWeb80",
            "name": "AllowWeb80",
            "network_security_group_name": "workshopNSG",
            "priority": 1000,
            "protocol": "TCP",
            "resource_group_name": "infrastructure2.0-TF",
            "source_address_prefix": "*",
            "source_address_prefixes": null,
            "source_application_security_group_ids": null,
            "source_port_range": "*",
            "source_port_ranges": null,
            "timeouts": null
          },
          "sensitive_attributes": [],
          "private": "eyJlMmJmYjczMC1lY2FhLTExZTYtOGY4OC0zNDM2M2JjN2M0YzAiOnsiY3JlYXRlIjoxODAwMDAwMDAwMDAwLCJkZWxldGUiOjE4MDAwMDAwMDAwMDAsInJlYWQiOjMwMDAwMDAwMDAwMCwidXBkYXRlIjoxODAwMDAwMDAwMDAwfX0=",
          "dependencies": [
            "azurerm_network_security_group.nsg",
            "azurerm_resource_group.rg"
          ]
        }
      ]
    },
    {
      "mode": "managed",
      "type": "azurerm_public_ip",
      "name": "managementinstance1",
      "provider": "provider[\"registry.terraform.io/hashicorp/azurerm\"]",
      "instances": [
        {
          "schema_version": 0,
          "attributes": {
            "allocation_method": "Dynamic",
            "domain_name_label": null,
            "fqdn": null,
            "id": "/subscriptions/610992b8-1492-49c7-8f44-46f898ccd29b/resourceGroups/infrastructure2.0-TF/providers/Microsoft.Network/publicIPAddresses/pubip1",
            "idle_timeout_in_minutes": 4,
            "ip_address": "",
            "ip_version": "IPv4",
            "location": "westeurope",
            "name": "pubip1",
            "public_ip_prefix_id": null,
            "resource_group_name": "infrastructure2.0-TF",
            "reverse_fqdn": null,
            "sku": "Basic",
            "tags": null,
            "timeouts": null,
            "zones": null
          },
          "sensitive_attributes": [],
          "private": "eyJlMmJmYjczMC1lY2FhLTExZTYtOGY4OC0zNDM2M2JjN2M0YzAiOnsiY3JlYXRlIjoxODAwMDAwMDAwMDAwLCJkZWxldGUiOjE4MDAwMDAwMDAwMDAsInJlYWQiOjMwMDAwMDAwMDAwMCwidXBkYXRlIjoxODAwMDAwMDAwMDAwfX0=",
          "dependencies": [
            "azurerm_resource_group.rg"
          ]
        }
      ]
    },
    {
      "mode": "managed",
      "type": "azurerm_public_ip",
      "name": "managementinstance2",
      "provider": "provider[\"registry.terraform.io/hashicorp/azurerm\"]",
      "instances": [
        {
          "schema_version": 0,
          "attributes": {
            "allocation_method": "Dynamic",
            "domain_name_label": null,
            "fqdn": null,
            "id": "/subscriptions/610992b8-1492-49c7-8f44-46f898ccd29b/resourceGroups/infrastructure2.0-TF/providers/Microsoft.Network/publicIPAddresses/pubip2",
            "idle_timeout_in_minutes": 4,
            "ip_address": "",
            "ip_version": "IPv4",
            "location": "westeurope",
            "name": "pubip2",
            "public_ip_prefix_id": null,
            "resource_group_name": "infrastructure2.0-TF",
            "reverse_fqdn": null,
            "sku": "Basic",
            "tags": null,
            "timeouts": null,
            "zones": null
          },
          "sensitive_attributes": [],
          "private": "eyJlMmJmYjczMC1lY2FhLTExZTYtOGY4OC0zNDM2M2JjN2M0YzAiOnsiY3JlYXRlIjoxODAwMDAwMDAwMDAwLCJkZWxldGUiOjE4MDAwMDAwMDAwMDAsInJlYWQiOjMwMDAwMDAwMDAwMCwidXBkYXRlIjoxODAwMDAwMDAwMDAwfX0=",
          "dependencies": [
            "azurerm_resource_group.rg"
          ]
        }
      ]
    },
    {
      "mode": "managed",
      "type": "azurerm_resource_group",
      "name": "rg",
      "provider": "provider[\"registry.terraform.io/hashicorp/azurerm\"]",
      "instances": [
        {
          "schema_version": 0,
          "attributes": {
            "id": "/subscriptions/610992b8-1492-49c7-8f44-46f898ccd29b/resourceGroups/infrastructure2.0-TF",
            "location": "westeurope",
            "name": "infrastructure2.0-TF",
            "tags": {
              "CreatedBy": "RikStevensPXL",
              "environment": "Terraform"
            },
            "timeouts": null
          },
          "sensitive_attributes": []
        }
      ]
    },
    {
      "mode": "managed",
      "type": "azurerm_storage_account",
      "name": "student",
      "provider": "provider[\"registry.terraform.io/hashicorp/azurerm\"]",
      "instances": [
        {
          "schema_version": 2,
          "attributes": {
            "access_tier": "Hot",
            "account_kind": "StorageV2",
            "account_replication_type": "GRS",
            "account_tier": "Standard",
            "allow_blob_public_access": false,
            "blob_properties": [],
            "custom_domain": [],
            "enable_https_traffic_only": true,
            "id": "/subscriptions/610992b8-1492-49c7-8f44-46f898ccd29b/resourceGroups/infrastructure2.0-TF/providers/Microsoft.Storage/storageAccounts/tfstudentstorageacc123",
            "identity": [],
            "is_hns_enabled": false,
            "large_file_share_enabled": null,
            "location": "westeurope",
            "min_tls_version": "TLS1_0",
            "name": "tfstudentstorageacc123",
            "network_rules": [
              {
                "bypass": [
                  "AzureServices"
                ],
                "default_action": "Allow",
                "ip_rules": [],
                "virtual_network_subnet_ids": []
              }
            ],
            "primary_access_key": "BaqiRxUf26nlL0y+ya/ysF+WVc4LqRjwDVuaZ6h+16LJ2gKxKsrtmQ7iD0uPyWUjSxVx8hU0CdNFSesIk24NxQ==",
            "primary_blob_connection_string": "DefaultEndpointsProtocol=https;BlobEndpoint=https://tfstudentstorageacc123.blob.core.windows.net/;AccountName=tfstudentstorageacc123;AccountKey=BaqiRxUf26nlL0y+ya/ysF+WVc4LqRjwDVuaZ6h+16LJ2gKxKsrtmQ7iD0uPyWUjSxVx8hU0CdNFSesIk24NxQ==",
            "primary_blob_endpoint": "https://tfstudentstorageacc123.blob.core.windows.net/",
            "primary_blob_host": "tfstudentstorageacc123.blob.core.windows.net",
            "primary_connection_string": "DefaultEndpointsProtocol=https;AccountName=tfstudentstorageacc123;AccountKey=BaqiRxUf26nlL0y+ya/ysF+WVc4LqRjwDVuaZ6h+16LJ2gKxKsrtmQ7iD0uPyWUjSxVx8hU0CdNFSesIk24NxQ==;EndpointSuffix=core.windows.net",
            "primary_dfs_endpoint": "https://tfstudentstorageacc123.dfs.core.windows.net/",
            "primary_dfs_host": "tfstudentstorageacc123.dfs.core.windows.net",
            "primary_file_endpoint": "https://tfstudentstorageacc123.file.core.windows.net/",
            "primary_file_host": "tfstudentstorageacc123.file.core.windows.net",
            "primary_location": "westeurope",
            "primary_queue_endpoint": "https://tfstudentstorageacc123.queue.core.windows.net/",
            "primary_queue_host": "tfstudentstorageacc123.queue.core.windows.net",
            "primary_table_endpoint": "https://tfstudentstorageacc123.table.core.windows.net/",
            "primary_table_host": "tfstudentstorageacc123.table.core.windows.net",
            "primary_web_endpoint": "https://tfstudentstorageacc123.z6.web.core.windows.net/",
            "primary_web_host": "tfstudentstorageacc123.z6.web.core.windows.net",
            "queue_properties": [
              {
                "cors_rule": [],
                "hour_metrics": [
                  {
                    "enabled": true,
                    "include_apis": true,
                    "retention_policy_days": 7,
                    "version": "1.0"
                  }
                ],
                "logging": [
                  {
                    "delete": false,
                    "read": false,
                    "retention_policy_days": 0,
                    "version": "1.0",
                    "write": false
                  }
                ],
                "minute_metrics": [
                  {
                    "enabled": false,
                    "include_apis": false,
                    "retention_policy_days": 0,
                    "version": "1.0"
                  }
                ]
              }
            ],
            "resource_group_name": "infrastructure2.0-TF",
            "secondary_access_key": "7b13WZreKGppmCY+OhqpSxCIv3FETJVjEWTU8wrcDbmaQwHkhRxn6SK2vfknpn3YfPTfafRpi35jqNFSOX1JdA==",
            "secondary_blob_connection_string": "",
            "secondary_blob_endpoint": null,
            "secondary_blob_host": null,
            "secondary_connection_string": "DefaultEndpointsProtocol=https;AccountName=tfstudentstorageacc123;AccountKey=7b13WZreKGppmCY+OhqpSxCIv3FETJVjEWTU8wrcDbmaQwHkhRxn6SK2vfknpn3YfPTfafRpi35jqNFSOX1JdA==;EndpointSuffix=core.windows.net",
            "secondary_dfs_endpoint": null,
            "secondary_dfs_host": null,
            "secondary_file_endpoint": null,
            "secondary_file_host": null,
            "secondary_location": "northeurope",
            "secondary_queue_endpoint": null,
            "secondary_queue_host": null,
            "secondary_table_endpoint": null,
            "secondary_table_host": null,
            "secondary_web_endpoint": null,
            "secondary_web_host": null,
            "static_website": [],
            "tags": {
              "CreatedBy": "Rik Stevens PXL",
              "environment": "Terraform Storage"
            },
            "timeouts": null
          },
          "sensitive_attributes": [],
          "private": "eyJlMmJmYjczMC1lY2FhLTExZTYtOGY4OC0zNDM2M2JjN2M0YzAiOnsiY3JlYXRlIjozNjAwMDAwMDAwMDAwLCJkZWxldGUiOjM2MDAwMDAwMDAwMDAsInJlYWQiOjMwMDAwMDAwMDAwMCwidXBkYXRlIjozNjAwMDAwMDAwMDAwfSwic2NoZW1hX3ZlcnNpb24iOiIyIn0=",
          "dependencies": [
            "azurerm_resource_group.rg"
          ]
        }
      ]
    },
    {
      "mode": "managed",
      "type": "azurerm_subnet",
      "name": "tfsubnet",
      "provider": "provider[\"registry.terraform.io/hashicorp/azurerm\"]",
      "instances": [
        {
          "schema_version": 0,
          "attributes": {
            "address_prefix": "10.0.1.0/24",
            "address_prefixes": [
              "10.0.1.0/24"
            ],
            "delegation": [],
            "enforce_private_link_endpoint_network_policies": false,
            "enforce_private_link_service_network_policies": false,
            "id": "/subscriptions/610992b8-1492-49c7-8f44-46f898ccd29b/resourceGroups/infrastructure2.0-TF/providers/Microsoft.Network/virtualNetworks/WorkshopVNet/subnets/managementNet",
            "name": "managementNet",
            "resource_group_name": "infrastructure2.0-TF",
            "service_endpoints": [],
            "timeouts": null,
            "virtual_network_name": "WorkshopVNet"
          },
          "sensitive_attributes": [],
          "dependencies": [
            "azurerm_resource_group.rg",
            "azurerm_virtual_network.workshopnetwork"
          ]
        }
      ]
    },
    {
      "mode": "managed",
      "type": "azurerm_virtual_machine",
      "name": "student1",
      "provider": "provider[\"registry.terraform.io/hashicorp/azurerm\"]",
      "instances": [
        {
          "schema_version": 0,
          "attributes": {
            "additional_capabilities": [],
            "availability_set_id": null,
            "boot_diagnostics": [],
            "delete_data_disks_on_termination": true,
            "delete_os_disk_on_termination": true,
            "id": "/subscriptions/610992b8-1492-49c7-8f44-46f898ccd29b/resourceGroups/infrastructure2.0-TF/providers/Microsoft.Compute/virtualMachines/student1",
            "identity": [],
            "license_type": null,
            "location": "westeurope",
            "name": "student1",
            "network_interface_ids": [
              "/subscriptions/610992b8-1492-49c7-8f44-46f898ccd29b/resourceGroups/infrastructure2.0-TF/providers/Microsoft.Network/networkInterfaces/management1-nic"
            ],
            "os_profile": [
              {
                "admin_password": "",
                "admin_username": "vmadmin",
                "computer_name": "studentInstance1",
                "custom_data": ""
              }
            ],
            "os_profile_linux_config": [
              {
                "disable_password_authentication": false,
                "ssh_keys": []
              }
            ],
            "os_profile_secrets": [],
            "os_profile_windows_config": [],
            "plan": [],
            "primary_network_interface_id": null,
            "proximity_placement_group_id": null,
            "resource_group_name": "infrastructure2.0-TF",
            "storage_data_disk": [],
            "storage_image_reference": [
              {
                "id": "",
                "offer": "UbuntuServer",
                "publisher": "Canonical",
                "sku": "16.04-LTS",
                "version": "latest"
              }
            ],
            "storage_os_disk": [
              {
                "caching": "ReadWrite",
                "create_option": "FromImage",
                "disk_size_gb": 128,
                "image_uri": "",
                "managed_disk_id": "/subscriptions/610992b8-1492-49c7-8f44-46f898ccd29b/resourceGroups/infrastructure2.0-TF/providers/Microsoft.Compute/disks/osdisk1",
                "managed_disk_type": "Standard_LRS",
                "name": "osdisk1",
                "os_type": "Linux",
                "vhd_uri": "",
                "write_accelerator_enabled": false
              }
            ],
            "tags": null,
            "timeouts": null,
            "vm_size": "Standard_B1s",
            "zones": null
          },
          "sensitive_attributes": [],
          "private": "eyJlMmJmYjczMC1lY2FhLTExZTYtOGY4OC0zNDM2M2JjN2M0YzAiOnsiY3JlYXRlIjozNjAwMDAwMDAwMDAwLCJkZWxldGUiOjM2MDAwMDAwMDAwMDAsInJlYWQiOjMwMDAwMDAwMDAwMCwidXBkYXRlIjozNjAwMDAwMDAwMDAwfX0=",
          "dependencies": [
            "azurerm_network_interface.instance1",
            "azurerm_public_ip.managementinstance1",
            "azurerm_resource_group.rg",
            "azurerm_subnet.tfsubnet"
          ]
        }
      ]
    },
    {
      "mode": "managed",
      "type": "azurerm_virtual_machine",
      "name": "student2",
      "provider": "provider[\"registry.terraform.io/hashicorp/azurerm\"]",
      "instances": []
    },
    {
      "mode": "managed",
      "type": "azurerm_virtual_network",
      "name": "workshopnetwork",
      "provider": "provider[\"registry.terraform.io/hashicorp/azurerm\"]",
      "instances": [
        {
          "schema_version": 0,
          "attributes": {
            "address_space": [
              "10.0.0.0/16"
            ],
            "bgp_community": "",
            "ddos_protection_plan": [],
            "dns_servers": [],
            "guid": "771d6633-cb85-48e3-8f3d-41179e2f03bb",
            "id": "/subscriptions/610992b8-1492-49c7-8f44-46f898ccd29b/resourceGroups/infrastructure2.0-TF/providers/Microsoft.Network/virtualNetworks/WorkshopVNet",
            "location": "westeurope",
            "name": "WorkshopVNet",
            "resource_group_name": "infrastructure2.0-TF",
            "subnet": [
              {
                "address_prefix": "10.0.1.0/24",
                "id": "/subscriptions/610992b8-1492-49c7-8f44-46f898ccd29b/resourceGroups/infrastructure2.0-TF/providers/Microsoft.Network/virtualNetworks/WorkshopVNet/subnets/managementNet",
                "name": "managementNet",
                "security_group": ""
              }
            ],
            "tags": {
              "environment": "Terraform workshop VNET"
            },
            "timeouts": null,
            "vm_protection_enabled": false
          },
          "sensitive_attributes": [],
          "dependencies": [
            "azurerm_resource_group.rg"
          ]
        }
      ]
    }
  ]
}
